
Microsoft Visual Studio Solution File, Format Version 12.00
# Visual Studio Version 16
VisualStudioVersion = 16.0.30330.147
MinimumVisualStudioVersion = 10.0.40219.1
Project("{9A19103F-16F7-4668-BE54-9A1E7A4F7556}") = "SortingAlgorithms", "SortingAlgorithms\SortingAlgorithms.csproj", "{BF0C2185-CF27-48FB-B357-69E51B67669A}"
EndProject
Project("{9A19103F-16F7-4668-BE54-9A1E7A4F7556}") = "SortingAlgorithms.Tests", "SortingAlgorithms.Test\SortingAlgorithms.Tests.csproj", "{109DE2A7-0A25-4FA5-8932-62A67A07F7D5}"
EndProject
Project("{2150E333-8FDC-42A3-9474-1A3956D46DE8}") = "Sorting", "Sorting", "{1D8D4774-90DB-4988-A343-E2A6587BF47C}"
EndProject
Project("{2150E333-8FDC-42A3-9474-1A3956D46DE8}") = "Trees", "Trees", "{989A9103-EEDB-4FC9-B380-9C4408605D94}"
EndProject
Project("{9A19103F-16F7-4668-BE54-9A1E7A4F7556}") = "Trees", "BinarySearchTree\Trees.csproj", "{4CDC34B7-834B-462D-8438-F4A2B3660F05}"
EndProject
Project("{FAE04EC0-301F-11D3-BF4B-00C04F79EFBC}") = "Trees.Tests", "Trees.Tests\Trees.Tests.csproj", "{1A09B1B6-9DF3-4EB1-BB4B-B055C8EF5BBE}"
EndProject
Global
	GlobalSection(SolutionConfigurationPlatforms) = preSolution
		Debug|Any CPU = Debug|Any CPU
		Release|Any CPU = Release|Any CPU
	EndGlobalSection
	GlobalSection(ProjectConfigurationPlatforms) = postSolution
		{BF0C2185-CF27-48FB-B357-69E51B67669A}.Debug|Any CPU.ActiveCfg = Debug|Any CPU
		{BF0C2185-CF27-48FB-B357-69E51B67669A}.Debug|Any CPU.Build.0 = Debug|Any CPU
		{BF0C2185-CF27-48FB-B357-69E51B67669A}.Release|Any CPU.ActiveCfg = Release|Any CPU
		{BF0C2185-CF27-48FB-B357-69E51B67669A}.Release|Any CPU.Build.0 = Release|Any CPU
		{109DE2A7-0A25-4FA5-8932-62A67A07F7D5}.Debug|Any CPU.ActiveCfg = Debug|Any CPU
		{109DE2A7-0A25-4FA5-8932-62A67A07F7D5}.Debug|Any CPU.Build.0 = Debug|Any CPU
		{109DE2A7-0A25-4FA5-8932-62A67A07F7D5}.Release|Any CPU.ActiveCfg = Release|Any CPU
		{109DE2A7-0A25-4FA5-8932-62A67A07F7D5}.Release|Any CPU.Build.0 = Release|Any CPU
		{4CDC34B7-834B-462D-8438-F4A2B3660F05}.Debug|Any CPU.ActiveCfg = Debug|Any CPU
		{4CDC34B7-834B-462D-8438-F4A2B3660F05}.Debug|Any CPU.Build.0 = Debug|Any CPU
		{4CDC34B7-834B-462D-8438-F4A2B3660F05}.Release|Any CPU.ActiveCfg = Release|Any CPU
		{4CDC34B7-834B-462D-8438-F4A2B3660F05}.Release|Any CPU.Build.0 = Release|Any CPU
		{1A09B1B6-9DF3-4EB1-BB4B-B055C8EF5BBE}.Debug|Any CPU.ActiveCfg = Debug|Any CPU
		{1A09B1B6-9DF3-4EB1-BB4B-B055C8EF5BBE}.Debug|Any CPU.Build.0 = Debug|Any CPU
		{1A09B1B6-9DF3-4EB1-BB4B-B055C8EF5BBE}.Release|Any CPU.ActiveCfg = Release|Any CPU
		{1A09B1B6-9DF3-4EB1-BB4B-B055C8EF5BBE}.Release|Any CPU.Build.0 = Release|Any CPU
	EndGlobalSection
	GlobalSection(SolutionProperties) = preSolution
		HideSolutionNode = FALSE
	EndGlobalSection
	GlobalSection(NestedProjects) = preSolution
		{BF0C2185-CF27-48FB-B357-69E51B67669A} = {1D8D4774-90DB-4988-A343-E2A6587BF47C}
		{109DE2A7-0A25-4FA5-8932-62A67A07F7D5} = {1D8D4774-90DB-4988-A343-E2A6587BF47C}
		{4CDC34B7-834B-462D-8438-F4A2B3660F05} = {989A9103-EEDB-4FC9-B380-9C4408605D94}
		{1A09B1B6-9DF3-4EB1-BB4B-B055C8EF5BBE} = {989A9103-EEDB-4FC9-B380-9C4408605D94}
	EndGlobalSection
	GlobalSection(ExtensibilityGlobals) = postSolution
		SolutionGuid = {6BC3681C-C834-42AF-94AA-46DDAD464F56}
	EndGlobalSection
EndGlobal
