
Microsoft Visual Studio Solution File, Format Version 12.00
# Visual Studio 15
VisualStudioVersion = 15.0.28010.2048
MinimumVisualStudioVersion = 10.0.40219.1
Project("{FAE04EC0-301F-11D3-BF4B-00C04F79EFBC}") = "Simpomatic.QuickSort", "Simpomatic.QuickSort\Simpomatic.QuickSort.csproj", "{D58245E8-05A8-452F-993F-DF81FF44929F}"
EndProject
Project("{FAE04EC0-301F-11D3-BF4B-00C04F79EFBC}") = "Simpomatic.MergeSort", "Simpomatic.MergeSort\Simpomatic.MergeSort.csproj", "{A23F0D43-68BC-4B5A-AE9C-1E963B9D8ED2}"
EndProject
Project("{FAE04EC0-301F-11D3-BF4B-00C04F79EFBC}") = "Simpomatic.SharedFunctionality", "Simpomatic.SharedFunctionality\Simpomatic.SharedFunctionality.csproj", "{5671834F-500F-4044-A523-3C1854C00FC8}"
EndProject
Project("{FAE04EC0-301F-11D3-BF4B-00C04F79EFBC}") = "Simpomatic.SelectionSort", "Simpomatic.SelectionSort\Simpomatic.SelectionSort.csproj", "{9E5DBE9D-E6F3-4A7C-9C47-8A4470411B6E}"
EndProject
Project("{FAE04EC0-301F-11D3-BF4B-00C04F79EFBC}") = "Simpomatic.InsertionSort", "Simpomatic.InsertionSort\Simpomatic.InsertionSort.csproj", "{5CC22890-5853-448D-A1A3-7646152C8A5B}"
EndProject
Global
	GlobalSection(SolutionConfigurationPlatforms) = preSolution
		Debug|Any CPU = Debug|Any CPU
		Release|Any CPU = Release|Any CPU
	EndGlobalSection
	GlobalSection(ProjectConfigurationPlatforms) = postSolution
		{D58245E8-05A8-452F-993F-DF81FF44929F}.Debug|Any CPU.ActiveCfg = Debug|Any CPU
		{D58245E8-05A8-452F-993F-DF81FF44929F}.Debug|Any CPU.Build.0 = Debug|Any CPU
		{D58245E8-05A8-452F-993F-DF81FF44929F}.Release|Any CPU.ActiveCfg = Release|Any CPU
		{D58245E8-05A8-452F-993F-DF81FF44929F}.Release|Any CPU.Build.0 = Release|Any CPU
		{A23F0D43-68BC-4B5A-AE9C-1E963B9D8ED2}.Debug|Any CPU.ActiveCfg = Debug|Any CPU
		{A23F0D43-68BC-4B5A-AE9C-1E963B9D8ED2}.Debug|Any CPU.Build.0 = Debug|Any CPU
		{A23F0D43-68BC-4B5A-AE9C-1E963B9D8ED2}.Release|Any CPU.ActiveCfg = Release|Any CPU
		{A23F0D43-68BC-4B5A-AE9C-1E963B9D8ED2}.Release|Any CPU.Build.0 = Release|Any CPU
		{5671834F-500F-4044-A523-3C1854C00FC8}.Debug|Any CPU.ActiveCfg = Debug|Any CPU
		{5671834F-500F-4044-A523-3C1854C00FC8}.Debug|Any CPU.Build.0 = Debug|Any CPU
		{5671834F-500F-4044-A523-3C1854C00FC8}.Release|Any CPU.ActiveCfg = Release|Any CPU
		{5671834F-500F-4044-A523-3C1854C00FC8}.Release|Any CPU.Build.0 = Release|Any CPU
		{9E5DBE9D-E6F3-4A7C-9C47-8A4470411B6E}.Debug|Any CPU.ActiveCfg = Debug|Any CPU
		{9E5DBE9D-E6F3-4A7C-9C47-8A4470411B6E}.Debug|Any CPU.Build.0 = Debug|Any CPU
		{9E5DBE9D-E6F3-4A7C-9C47-8A4470411B6E}.Release|Any CPU.ActiveCfg = Release|Any CPU
		{9E5DBE9D-E6F3-4A7C-9C47-8A4470411B6E}.Release|Any CPU.Build.0 = Release|Any CPU
		{5CC22890-5853-448D-A1A3-7646152C8A5B}.Debug|Any CPU.ActiveCfg = Debug|Any CPU
		{5CC22890-5853-448D-A1A3-7646152C8A5B}.Debug|Any CPU.Build.0 = Debug|Any CPU
		{5CC22890-5853-448D-A1A3-7646152C8A5B}.Release|Any CPU.ActiveCfg = Release|Any CPU
		{5CC22890-5853-448D-A1A3-7646152C8A5B}.Release|Any CPU.Build.0 = Release|Any CPU
	EndGlobalSection
	GlobalSection(SolutionProperties) = preSolution
		HideSolutionNode = FALSE
	EndGlobalSection
	GlobalSection(ExtensibilityGlobals) = postSolution
		SolutionGuid = {6BC3681C-C834-42AF-94AA-46DDAD464F56}
	EndGlobalSection
EndGlobal
